
Microsoft Visual Studio Solution File, Format Version 12.00
# Visual Studio Version 16
VisualStudioVersion = 16.0.29806.167
MinimumVisualStudioVersion = 10.0.40219.1
Project("{FAE04EC0-301F-11D3-BF4B-00C04F79EFBC}") = "ElarcosaPingPong", "ElarcosaPingPong.csproj", "{7E4E2338-3479-48C6-9007-4AA3B9917530}"
EndProject
Global
	GlobalSection(SolutionConfigurationPlatforms) = preSolution
		Debug|Any CPU = Debug|Any CPU
		Release|Any CPU = Release|Any CPU
	EndGlobalSection
	GlobalSection(ProjectConfigurationPlatforms) = postSolution
		{7E4E2338-3479-48C6-9007-4AA3B9917530}.Debug|Any CPU.ActiveCfg = Debug|Any CPU
		{7E4E2338-3479-48C6-9007-4AA3B9917530}.Debug|Any CPU.Build.0 = Debug|Any CPU
		{7E4E2338-3479-48C6-9007-4AA3B9917530}.Release|Any CPU.ActiveCfg = Release|Any CPU
		{7E4E2338-3479-48C6-9007-4AA3B9917530}.Release|Any CPU.Build.0 = Release|Any CPU
	EndGlobalSection
	GlobalSection(SolutionProperties) = preSolution
		HideSolutionNode = FALSE
	EndGlobalSection
	GlobalSection(ExtensibilityGlobals) = postSolution
		SolutionGuid = {FA6D937A-FC4F-42D4-AB6D-57467A4617E8}
	EndGlobalSection
EndGlobal
